
Microsoft Visual Studio Solution File, Format Version 12.00
# Visual Studio Version 16
VisualStudioVersion = 16.0.30503.244
MinimumVisualStudioVersion = 10.0.40219.1
Project("{FAE04EC0-301F-11D3-BF4B-00C04F79EFBC}") = "PizzaOrderingWorkApp", "PizzaOrderingWorkApp.csproj", "{6C789A96-F7D0-43C9-831C-57BFC40C82C5}"
EndProject
Project("{2150E333-8FDC-42A3-9474-1A3956D46DE8}") = "Orders", "Orders", "{BB7E978F-F0D2-4239-B634-B4BCD2E1DFF7}"
EndProject
Global
	GlobalSection(SolutionConfigurationPlatforms) = preSolution
		Debug|Any CPU = Debug|Any CPU
		Release|Any CPU = Release|Any CPU
	EndGlobalSection
	GlobalSection(ProjectConfigurationPlatforms) = postSolution
		{6C789A96-F7D0-43C9-831C-57BFC40C82C5}.Debug|Any CPU.ActiveCfg = Debug|Any CPU
		{6C789A96-F7D0-43C9-831C-57BFC40C82C5}.Debug|Any CPU.Build.0 = Debug|Any CPU
		{6C789A96-F7D0-43C9-831C-57BFC40C82C5}.Release|Any CPU.ActiveCfg = Release|Any CPU
		{6C789A96-F7D0-43C9-831C-57BFC40C82C5}.Release|Any CPU.Build.0 = Release|Any CPU
	EndGlobalSection
	GlobalSection(SolutionProperties) = preSolution
		HideSolutionNode = FALSE
	EndGlobalSection
	GlobalSection(ExtensibilityGlobals) = postSolution
		SolutionGuid = {3194C39B-88C5-4CB6-9E84-87FCCCFB2AE2}
	EndGlobalSection
EndGlobal
